// !$*UTF8*$!
{
	archiveVersion = 1;
	classes = {
	};
	objectVersion = 50;
	objects = {

/* Begin PBXBuildFile section */
		1509AF2C26128BD200D26DB1 /* AppDelegate.m in Sources */ = {isa = PBXBuildFile; fileRef = 1509AF2B26128BD200D26DB1 /* AppDelegate.m */; };
		1509AF2F26128BD200D26DB1 /* ViewController.m in Sources */ = {isa = PBXBuildFile; fileRef = 1509AF2E26128BD200D26DB1 /* ViewController.m */; };
		1509AF3126128BD300D26DB1 /* Assets.xcassets in Resources */ = {isa = PBXBuildFile; fileRef = 1509AF3026128BD300D26DB1 /* Assets.xcassets */; };
		1509AF3426128BD300D26DB1 /* Main.storyboard in Resources */ = {isa = PBXBuildFile; fileRef = 1509AF3226128BD300D26DB1 /* Main.storyboard */; };
		1509AF3726128BD300D26DB1 /* main.m in Sources */ = {isa = PBXBuildFile; fileRef = 1509AF3626128BD300D26DB1 /* main.m */; };
		152E2F1326128C30005EA73F /* SampleRenderer.cpp in Sources */ = {isa = PBXBuildFile; fileRef = 152E2F0226128C30005EA73F /* SampleRenderer.cpp */; };
		152E2F1426128C30005EA73F /* SSSR.cpp in Sources */ = {isa = PBXBuildFile; fileRef = 152E2F0326128C30005EA73F /* SSSR.cpp */; };
		152E2F1526128C30005EA73F /* Utils.cpp in Sources */ = {isa = PBXBuildFile; fileRef = 152E2F0626128C30005EA73F /* Utils.cpp */; };
		152E2F1626128C30005EA73F /* stdafx.cpp in Sources */ = {isa = PBXBuildFile; fileRef = 152E2F0726128C30005EA73F /* stdafx.cpp */; };
		152E2F1726128C30005EA73F /* SssrSample.cpp in Sources */ = {isa = PBXBuildFile; fileRef = 152E2F0926128C30005EA73F /* SssrSample.cpp */; };
		152E2F1826128C30005EA73F /* BlueNoiseSampler.cpp in Sources */ = {isa = PBXBuildFile; fileRef = 152E2F0B26128C30005EA73F /* BlueNoiseSampler.cpp */; };
		152E2F1926128C30005EA73F /* ShaderPass.cpp in Sources */ = {isa = PBXBuildFile; fileRef = 152E2F0C26128C30005EA73F /* ShaderPass.cpp */; };
		152E2F1A26128C30005EA73F /* BufferDX12.cpp in Sources */ = {isa = PBXBuildFile; fileRef = 152E2F0E26128C30005EA73F /* BufferDX12.cpp */; };
		152E2F1B26128C30005EA73F /* UploadHeapBuffersDX12.cpp in Sources */ = {isa = PBXBuildFile; fileRef = 152E2F1026128C30005EA73F /* UploadHeapBuffersDX12.cpp */; };
		152E2F4926128CCB005EA73F /* ImgLoader.cpp in Sources */ = {isa = PBXBuildFile; fileRef = 152E2F2426128CCB005EA73F /* ImgLoader.cpp */; };
		152E2F4A26128CCB005EA73F /* Camera.cpp in Sources */ = {isa = PBXBuildFile; fileRef = 152E2F2526128CCB005EA73F /* Camera.cpp */; };
		152E2F4B26128CCB005EA73F /* Misc.cpp in Sources */ = {isa = PBXBuildFile; fileRef = 152E2F2726128CCB005EA73F /* Misc.cpp */; };
		152E2F4C26128CCB005EA73F /* Error.cpp in Sources */ = {isa = PBXBuildFile; fileRef = 152E2F2926128CCB005EA73F /* Error.cpp */; };
		152E2F4D26128CCB005EA73F /* WirePrimitives.cpp in Sources */ = {isa = PBXBuildFile; fileRef = 152E2F2B26128CCB005EA73F /* WirePrimitives.cpp */; };
		152E2F4E26128CCB005EA73F /* DDSLoader.cpp in Sources */ = {isa = PBXBuildFile; fileRef = 152E2F2C26128CCB005EA73F /* DDSLoader.cpp */; };
		152E2F4F26128CCB005EA73F /* Async.cpp in Sources */ = {isa = PBXBuildFile; fileRef = 152E2F2E26128CCB005EA73F /* Async.cpp */; };
		152E2F5026128CCB005EA73F /* FrameworkWindows.cpp in Sources */ = {isa = PBXBuildFile; fileRef = 152E2F3026128CCB005EA73F /* FrameworkWindows.cpp */; };
		152E2F5126128CCB005EA73F /* ColorConversion.cpp in Sources */ = {isa = PBXBuildFile; fileRef = 152E2F3226128CCB005EA73F /* ColorConversion.cpp */; };
		152E2F5226128CCB005EA73F /* WICLoader.cpp in Sources */ = {isa = PBXBuildFile; fileRef = 152E2F3526128CCB005EA73F /* WICLoader.cpp */; };
		152E2F5326128CCB005EA73F /* ThreadPool.cpp in Sources */ = {isa = PBXBuildFile; fileRef = 152E2F3626128CCB005EA73F /* ThreadPool.cpp */; };
		152E2F5426128CCB005EA73F /* Hash.cpp in Sources */ = {isa = PBXBuildFile; fileRef = 152E2F3726128CCB005EA73F /* Hash.cpp */; };
		152E2F5526128CCB005EA73F /* DxgiFormatHelper.cpp in Sources */ = {isa = PBXBuildFile; fileRef = 152E2F3B26128CCB005EA73F /* DxgiFormatHelper.cpp */; };
		152E2F5626128CCB005EA73F /* ImGuiHelper.cpp in Sources */ = {isa = PBXBuildFile; fileRef = 152E2F3D26128CCB005EA73F /* ImGuiHelper.cpp */; };
		152E2F5726128CCB005EA73F /* Benchmark.cpp in Sources */ = {isa = PBXBuildFile; fileRef = 152E2F4126128CCB005EA73F /* Benchmark.cpp */; };
		152E2F5826128CCB005EA73F /* ShaderCompilerCache.cpp in Sources */ = {isa = PBXBuildFile; fileRef = 152E2F4226128CCB005EA73F /* ShaderCompilerCache.cpp */; };
		152E2F5926128CCB005EA73F /* DXCHelper.cpp in Sources */ = {isa = PBXBuildFile; fileRef = 152E2F4326128CCB005EA73F /* DXCHelper.cpp */; };
		152E2F5A26128CCB005EA73F /* Sequence.cpp in Sources */ = {isa = PBXBuildFile; fileRef = 152E2F4426128CCB005EA73F /* Sequence.cpp */; };
		152E2F5B26128CCB005EA73F /* ShaderCompiler.cpp in Sources */ = {isa = PBXBuildFile; fileRef = 152E2F4726128CCB005EA73F /* ShaderCompiler.cpp */; };
/* End PBXBuildFile section */

/* Begin PBXFileReference section */
		1509AF2726128BD200D26DB1 /* SssrSample_Metal.app */ = {isa = PBXFileReference; explicitFileType = wrapper.application; includeInIndex = 0; path = SssrSample_Metal.app; sourceTree = BUILT_PRODUCTS_DIR; };
		1509AF2A26128BD200D26DB1 /* AppDelegate.h */ = {isa = PBXFileReference; lastKnownFileType = sourcecode.c.h; path = AppDelegate.h; sourceTree = "<group>"; };
		1509AF2B26128BD200D26DB1 /* AppDelegate.m */ = {isa = PBXFileReference; lastKnownFileType = sourcecode.c.objc; path = AppDelegate.m; sourceTree = "<group>"; };
		1509AF2D26128BD200D26DB1 /* ViewController.h */ = {isa = PBXFileReference; lastKnownFileType = sourcecode.c.h; path = ViewController.h; sourceTree = "<group>"; };
		1509AF2E26128BD200D26DB1 /* ViewController.m */ = {isa = PBXFileReference; lastKnownFileType = sourcecode.c.objc; path = ViewController.m; sourceTree = "<group>"; };
		1509AF3026128BD300D26DB1 /* Assets.xcassets */ = {isa = PBXFileReference; lastKnownFileType = folder.assetcatalog; path = Assets.xcassets; sourceTree = "<group>"; };
		1509AF3326128BD300D26DB1 /* Base */ = {isa = PBXFileReference; lastKnownFileType = file.storyboard; name = Base; path = Base.lproj/Main.storyboard; sourceTree = "<group>"; };
		1509AF3526128BD300D26DB1 /* Info.plist */ = {isa = PBXFileReference; lastKnownFileType = text.plist.xml; path = Info.plist; sourceTree = "<group>"; };
		1509AF3626128BD300D26DB1 /* main.m */ = {isa = PBXFileReference; lastKnownFileType = sourcecode.c.objc; path = main.m; sourceTree = "<group>"; };
		1509AF3826128BD300D26DB1 /* SssrSample_Metal.entitlements */ = {isa = PBXFileReference; lastKnownFileType = text.plist.entitlements; path = SssrSample_Metal.entitlements; sourceTree = "<group>"; };
		152E2F0126128C30005EA73F /* SssrSample.h */ = {isa = PBXFileReference; fileEncoding = 4; lastKnownFileType = sourcecode.c.h; name = SssrSample.h; path = ../../sample/src/DX12/Sources/SssrSample.h; sourceTree = "<group>"; };
		152E2F0226128C30005EA73F /* SampleRenderer.cpp */ = {isa = PBXFileReference; fileEncoding = 4; lastKnownFileType = sourcecode.cpp.cpp; name = SampleRenderer.cpp; path = ../../sample/src/DX12/Sources/SampleRenderer.cpp; sourceTree = "<group>"; };
		152E2F0326128C30005EA73F /* SSSR.cpp */ = {isa = PBXFileReference; fileEncoding = 4; lastKnownFileType = sourcecode.cpp.cpp; name = SSSR.cpp; path = ../../sample/src/DX12/Sources/SSSR.cpp; sourceTree = "<group>"; };
		152E2F0426128C30005EA73F /* SSSR.h */ = {isa = PBXFileReference; fileEncoding = 4; lastKnownFileType = sourcecode.c.h; name = SSSR.h; path = ../../sample/src/DX12/Sources/SSSR.h; sourceTree = "<group>"; };
		152E2F0526128C30005EA73F /* UploadHeapBuffersDX12.h */ = {isa = PBXFileReference; fileEncoding = 4; lastKnownFileType = sourcecode.c.h; name = UploadHeapBuffersDX12.h; path = ../../sample/src/DX12/Sources/UploadHeapBuffersDX12.h; sourceTree = "<group>"; };
		152E2F0626128C30005EA73F /* Utils.cpp */ = {isa = PBXFileReference; fileEncoding = 4; lastKnownFileType = sourcecode.cpp.cpp; name = Utils.cpp; path = ../../sample/src/DX12/Sources/Utils.cpp; sourceTree = "<group>"; };
		152E2F0726128C30005EA73F /* stdafx.cpp */ = {isa = PBXFileReference; fileEncoding = 4; lastKnownFileType = sourcecode.cpp.cpp; name = stdafx.cpp; path = ../../sample/src/DX12/Sources/stdafx.cpp; sourceTree = "<group>"; };
		152E2F0826128C30005EA73F /* BlueNoiseSampler.h */ = {isa = PBXFileReference; fileEncoding = 4; lastKnownFileType = sourcecode.c.h; name = BlueNoiseSampler.h; path = ../../sample/src/DX12/Sources/BlueNoiseSampler.h; sourceTree = "<group>"; };
		152E2F0926128C30005EA73F /* SssrSample.cpp */ = {isa = PBXFileReference; fileEncoding = 4; lastKnownFileType = sourcecode.cpp.cpp; name = SssrSample.cpp; path = ../../sample/src/DX12/Sources/SssrSample.cpp; sourceTree = "<group>"; };
		152E2F0A26128C30005EA73F /* BufferDX12.h */ = {isa = PBXFileReference; fileEncoding = 4; lastKnownFileType = sourcecode.c.h; name = BufferDX12.h; path = ../../sample/src/DX12/Sources/BufferDX12.h; sourceTree = "<group>"; };
		152E2F0B26128C30005EA73F /* BlueNoiseSampler.cpp */ = {isa = PBXFileReference; fileEncoding = 4; lastKnownFileType = sourcecode.cpp.cpp; name = BlueNoiseSampler.cpp; path = ../../sample/src/DX12/Sources/BlueNoiseSampler.cpp; sourceTree = "<group>"; };
		152E2F0C26128C30005EA73F /* ShaderPass.cpp */ = {isa = PBXFileReference; fileEncoding = 4; lastKnownFileType = sourcecode.cpp.cpp; name = ShaderPass.cpp; path = ../../sample/src/DX12/Sources/ShaderPass.cpp; sourceTree = "<group>"; };
		152E2F0D26128C30005EA73F /* SampleRenderer.h */ = {isa = PBXFileReference; fileEncoding = 4; lastKnownFileType = sourcecode.c.h; name = SampleRenderer.h; path = ../../sample/src/DX12/Sources/SampleRenderer.h; sourceTree = "<group>"; };
		152E2F0E26128C30005EA73F /* BufferDX12.cpp */ = {isa = PBXFileReference; fileEncoding = 4; lastKnownFileType = sourcecode.cpp.cpp; name = BufferDX12.cpp; path = ../../sample/src/DX12/Sources/BufferDX12.cpp; sourceTree = "<group>"; };
		152E2F0F26128C30005EA73F /* Utils.h */ = {isa = PBXFileReference; fileEncoding = 4; lastKnownFileType = sourcecode.c.h; name = Utils.h; path = ../../sample/src/DX12/Sources/Utils.h; sourceTree = "<group>"; };
		152E2F1026128C30005EA73F /* UploadHeapBuffersDX12.cpp */ = {isa = PBXFileReference; fileEncoding = 4; lastKnownFileType = sourcecode.cpp.cpp; name = UploadHeapBuffersDX12.cpp; path = ../../sample/src/DX12/Sources/UploadHeapBuffersDX12.cpp; sourceTree = "<group>"; };
		152E2F1126128C30005EA73F /* stdafx.h */ = {isa = PBXFileReference; fileEncoding = 4; lastKnownFileType = sourcecode.c.h; name = stdafx.h; path = ../../sample/src/DX12/Sources/stdafx.h; sourceTree = "<group>"; };
		152E2F1226128C30005EA73F /* ShaderPass.h */ = {isa = PBXFileReference; fileEncoding = 4; lastKnownFileType = sourcecode.c.h; name = ShaderPass.h; path = ../../sample/src/DX12/Sources/ShaderPass.h; sourceTree = "<group>"; };
		152E2F1F26128CCB005EA73F /* Error.h */ = {isa = PBXFileReference; fileEncoding = 4; lastKnownFileType = sourcecode.c.h; path = Error.h; sourceTree = "<group>"; };
		152E2F2026128CCB005EA73F /* WICLoader.h */ = {isa = PBXFileReference; fileEncoding = 4; lastKnownFileType = sourcecode.c.h; path = WICLoader.h; sourceTree = "<group>"; };
		152E2F2126128CCB005EA73F /* DxgiFormatHelper.h */ = {isa = PBXFileReference; fileEncoding = 4; lastKnownFileType = sourcecode.c.h; path = DxgiFormatHelper.h; sourceTree = "<group>"; };
		152E2F2226128CCB005EA73F /* ImgLoader.h */ = {isa = PBXFileReference; fileEncoding = 4; lastKnownFileType = sourcecode.c.h; path = ImgLoader.h; sourceTree = "<group>"; };
		152E2F2326128CCB005EA73F /* threadpool.h */ = {isa = PBXFileReference; fileEncoding = 4; lastKnownFileType = sourcecode.c.h; path = threadpool.h; sourceTree = "<group>"; };
		152E2F2426128CCB005EA73F /* ImgLoader.cpp */ = {isa = PBXFileReference; fileEncoding = 4; lastKnownFileType = sourcecode.cpp.cpp; path = ImgLoader.cpp; sourceTree = "<group>"; };
		152E2F2526128CCB005EA73F /* Camera.cpp */ = {isa = PBXFileReference; fileEncoding = 4; lastKnownFileType = sourcecode.cpp.cpp; path = Camera.cpp; sourceTree = "<group>"; };
		152E2F2626128CCB005EA73F /* Ring.h */ = {isa = PBXFileReference; fileEncoding = 4; lastKnownFileType = sourcecode.c.h; path = Ring.h; sourceTree = "<group>"; };
		152E2F2726128CCB005EA73F /* Misc.cpp */ = {isa = PBXFileReference; fileEncoding = 4; lastKnownFileType = sourcecode.cpp.cpp; path = Misc.cpp; sourceTree = "<group>"; };
		152E2F2826128CCB005EA73F /* Misc.h */ = {isa = PBXFileReference; fileEncoding = 4; lastKnownFileType = sourcecode.c.h; path = Misc.h; sourceTree = "<group>"; };
		152E2F2926128CCB005EA73F /* Error.cpp */ = {isa = PBXFileReference; fileEncoding = 4; lastKnownFileType = sourcecode.cpp.cpp; path = Error.cpp; sourceTree = "<group>"; };
		152E2F2A26128CCB005EA73F /* Camera.h */ = {isa = PBXFileReference; fileEncoding = 4; lastKnownFileType = sourcecode.c.h; path = Camera.h; sourceTree = "<group>"; };
		152E2F2B26128CCB005EA73F /* WirePrimitives.cpp */ = {isa = PBXFileReference; fileEncoding = 4; lastKnownFileType = sourcecode.cpp.cpp; path = WirePrimitives.cpp; sourceTree = "<group>"; };
		152E2F2C26128CCB005EA73F /* DDSLoader.cpp */ = {isa = PBXFileReference; fileEncoding = 4; lastKnownFileType = sourcecode.cpp.cpp; path = DDSLoader.cpp; sourceTree = "<group>"; };
		152E2F2D26128CCB005EA73F /* FrameworkWindows.h */ = {isa = PBXFileReference; fileEncoding = 4; lastKnownFileType = sourcecode.c.h; path = FrameworkWindows.h; sourceTree = "<group>"; };
		152E2F2E26128CCB005EA73F /* Async.cpp */ = {isa = PBXFileReference; fileEncoding = 4; lastKnownFileType = sourcecode.cpp.cpp; path = Async.cpp; sourceTree = "<group>"; };
		152E2F2F26128CCB005EA73F /* WirePrimitives.h */ = {isa = PBXFileReference; fileEncoding = 4; lastKnownFileType = sourcecode.c.h; path = WirePrimitives.h; sourceTree = "<group>"; };
		152E2F3026128CCB005EA73F /* FrameworkWindows.cpp */ = {isa = PBXFileReference; fileEncoding = 4; lastKnownFileType = sourcecode.cpp.cpp; path = FrameworkWindows.cpp; sourceTree = "<group>"; };
		152E2F3126128CCB005EA73F /* Async.h */ = {isa = PBXFileReference; fileEncoding = 4; lastKnownFileType = sourcecode.c.h; path = Async.h; sourceTree = "<group>"; };
		152E2F3226128CCB005EA73F /* ColorConversion.cpp */ = {isa = PBXFileReference; fileEncoding = 4; lastKnownFileType = sourcecode.cpp.cpp; path = ColorConversion.cpp; sourceTree = "<group>"; };
		152E2F3326128CCB005EA73F /* DDSLoader.h */ = {isa = PBXFileReference; fileEncoding = 4; lastKnownFileType = sourcecode.c.h; path = DDSLoader.h; sourceTree = "<group>"; };
		152E2F3426128CCB005EA73F /* WirePrimitive.h */ = {isa = PBXFileReference; fileEncoding = 4; lastKnownFileType = sourcecode.c.h; path = WirePrimitive.h; sourceTree = "<group>"; };
		152E2F3526128CCB005EA73F /* WICLoader.cpp */ = {isa = PBXFileReference; fileEncoding = 4; lastKnownFileType = sourcecode.cpp.cpp; path = WICLoader.cpp; sourceTree = "<group>"; };
		152E2F3626128CCB005EA73F /* ThreadPool.cpp */ = {isa = PBXFileReference; fileEncoding = 4; lastKnownFileType = sourcecode.cpp.cpp; path = ThreadPool.cpp; sourceTree = "<group>"; };
		152E2F3726128CCB005EA73F /* Hash.cpp */ = {isa = PBXFileReference; fileEncoding = 4; lastKnownFileType = sourcecode.cpp.cpp; path = Hash.cpp; sourceTree = "<group>"; };
		152E2F3826128CCB005EA73F /* AsyncCache.h */ = {isa = PBXFileReference; fileEncoding = 4; lastKnownFileType = sourcecode.c.h; path = AsyncCache.h; sourceTree = "<group>"; };
		152E2F3926128CCB005EA73F /* ColorConversion.h */ = {isa = PBXFileReference; fileEncoding = 4; lastKnownFileType = sourcecode.c.h; path = ColorConversion.h; sourceTree = "<group>"; };
		152E2F3A26128CCB005EA73F /* Hash.h */ = {isa = PBXFileReference; fileEncoding = 4; lastKnownFileType = sourcecode.c.h; path = Hash.h; sourceTree = "<group>"; };
		152E2F3B26128CCB005EA73F /* DxgiFormatHelper.cpp */ = {isa = PBXFileReference; fileEncoding = 4; lastKnownFileType = sourcecode.cpp.cpp; path = DxgiFormatHelper.cpp; sourceTree = "<group>"; };
		152E2F3D26128CCB005EA73F /* ImGuiHelper.cpp */ = {isa = PBXFileReference; fileEncoding = 4; lastKnownFileType = sourcecode.cpp.cpp; path = ImGuiHelper.cpp; sourceTree = "<group>"; };
		152E2F3E26128CCB005EA73F /* ShaderCompiler.h */ = {isa = PBXFileReference; fileEncoding = 4; lastKnownFileType = sourcecode.c.h; path = ShaderCompiler.h; sourceTree = "<group>"; };
		152E2F3F26128CCB005EA73F /* ShaderCompilerCache.h */ = {isa = PBXFileReference; fileEncoding = 4; lastKnownFileType = sourcecode.c.h; path = ShaderCompilerCache.h; sourceTree = "<group>"; };
		152E2F4026128CCB005EA73F /* DXCHelper.h */ = {isa = PBXFileReference; fileEncoding = 4; lastKnownFileType = sourcecode.c.h; path = DXCHelper.h; sourceTree = "<group>"; };
		152E2F4126128CCB005EA73F /* Benchmark.cpp */ = {isa = PBXFileReference; fileEncoding = 4; lastKnownFileType = sourcecode.cpp.cpp; path = Benchmark.cpp; sourceTree = "<group>"; };
		152E2F4226128CCB005EA73F /* ShaderCompilerCache.cpp */ = {isa = PBXFileReference; fileEncoding = 4; lastKnownFileType = sourcecode.cpp.cpp; path = ShaderCompilerCache.cpp; sourceTree = "<group>"; };
		152E2F4326128CCB005EA73F /* DXCHelper.cpp */ = {isa = PBXFileReference; fileEncoding = 4; lastKnownFileType = sourcecode.cpp.cpp; path = DXCHelper.cpp; sourceTree = "<group>"; };
		152E2F4426128CCB005EA73F /* Sequence.cpp */ = {isa = PBXFileReference; fileEncoding = 4; lastKnownFileType = sourcecode.cpp.cpp; path = Sequence.cpp; sourceTree = "<group>"; };
		152E2F4526128CCB005EA73F /* ImGuiHelper.h */ = {isa = PBXFileReference; fileEncoding = 4; lastKnownFileType = sourcecode.c.h; path = ImGuiHelper.h; sourceTree = "<group>"; };
		152E2F4626128CCB005EA73F /* Sequence.h */ = {isa = PBXFileReference; fileEncoding = 4; lastKnownFileType = sourcecode.c.h; path = Sequence.h; sourceTree = "<group>"; };
		152E2F4726128CCB005EA73F /* ShaderCompiler.cpp */ = {isa = PBXFileReference; fileEncoding = 4; lastKnownFileType = sourcecode.cpp.cpp; path = ShaderCompiler.cpp; sourceTree = "<group>"; };
		152E2F4826128CCB005EA73F /* Benchmark.h */ = {isa = PBXFileReference; fileEncoding = 4; lastKnownFileType = sourcecode.c.h; path = Benchmark.h; sourceTree = "<group>"; };
/* End PBXFileReference section */

/* Begin PBXFrameworksBuildPhase section */
		1509AF2426128BD200D26DB1 /* Frameworks */ = {
			isa = PBXFrameworksBuildPhase;
			buildActionMask = 2147483647;
			files = (
			);
			runOnlyForDeploymentPostprocessing = 0;
		};
/* End PBXFrameworksBuildPhase section */

/* Begin PBXGroup section */
		1509AF1E26128BD200D26DB1 = {
			isa = PBXGroup;
			children = (
				152E2F1D26128C3C005EA73F /* Common */,
				152E2F0026128BF5005EA73F /* Metal */,
				1509AF2926128BD200D26DB1 /* SssrSample_Metal */,
				1509AF2826128BD200D26DB1 /* Products */,
			);
			sourceTree = "<group>";
		};
		1509AF2826128BD200D26DB1 /* Products */ = {
			isa = PBXGroup;
			children = (
				1509AF2726128BD200D26DB1 /* SssrSample_Metal.app */,
			);
			name = Products;
			sourceTree = "<group>";
		};
		1509AF2926128BD200D26DB1 /* SssrSample_Metal */ = {
			isa = PBXGroup;
			children = (
				1509AF2A26128BD200D26DB1 /* AppDelegate.h */,
				1509AF2B26128BD200D26DB1 /* AppDelegate.m */,
				1509AF2D26128BD200D26DB1 /* ViewController.h */,
				1509AF2E26128BD200D26DB1 /* ViewController.m */,
				1509AF3026128BD300D26DB1 /* Assets.xcassets */,
				1509AF3226128BD300D26DB1 /* Main.storyboard */,
				1509AF3526128BD300D26DB1 /* Info.plist */,
				1509AF3626128BD300D26DB1 /* main.m */,
				1509AF3826128BD300D26DB1 /* SssrSample_Metal.entitlements */,
			);
			path = SssrSample_Metal;
			sourceTree = "<group>";
		};
		152E2F0026128BF5005EA73F /* Metal */ = {
			isa = PBXGroup;
			children = (
				152E2F0B26128C30005EA73F /* BlueNoiseSampler.cpp */,
				152E2F0826128C30005EA73F /* BlueNoiseSampler.h */,
				152E2F0E26128C30005EA73F /* BufferDX12.cpp */,
				152E2F0A26128C30005EA73F /* BufferDX12.h */,
				152E2F0226128C30005EA73F /* SampleRenderer.cpp */,
				152E2F0D26128C30005EA73F /* SampleRenderer.h */,
				152E2F0C26128C30005EA73F /* ShaderPass.cpp */,
				152E2F1226128C30005EA73F /* ShaderPass.h */,
				152E2F0326128C30005EA73F /* SSSR.cpp */,
				152E2F0426128C30005EA73F /* SSSR.h */,
				152E2F0926128C30005EA73F /* SssrSample.cpp */,
				152E2F0126128C30005EA73F /* SssrSample.h */,
				152E2F0726128C30005EA73F /* stdafx.cpp */,
				152E2F1126128C30005EA73F /* stdafx.h */,
				152E2F1026128C30005EA73F /* UploadHeapBuffersDX12.cpp */,
				152E2F0526128C30005EA73F /* UploadHeapBuffersDX12.h */,
				152E2F0626128C30005EA73F /* Utils.cpp */,
				152E2F0F26128C30005EA73F /* Utils.h */,
			);
			name = Metal;
			path = SssrSample_Metal;
			sourceTree = "<group>";
		};
		152E2F1D26128C3C005EA73F /* Common */ = {
			isa = PBXGroup;
			children = (
				152E2F3C26128CCB005EA73F /* base */,
				152E2F1E26128CCB005EA73F /* Misc */,
			);
			name = Common;
			path = SssrSample_Metal;
			sourceTree = "<group>";
		};
		152E2F1E26128CCB005EA73F /* Misc */ = {
			isa = PBXGroup;
			children = (
				152E2F1F26128CCB005EA73F /* Error.h */,
				152E2F2026128CCB005EA73F /* WICLoader.h */,
				152E2F2126128CCB005EA73F /* DxgiFormatHelper.h */,
				152E2F2226128CCB005EA73F /* ImgLoader.h */,
				152E2F2326128CCB005EA73F /* threadpool.h */,
				152E2F2426128CCB005EA73F /* ImgLoader.cpp */,
				152E2F2526128CCB005EA73F /* Camera.cpp */,
				152E2F2626128CCB005EA73F /* Ring.h */,
				152E2F2726128CCB005EA73F /* Misc.cpp */,
				152E2F2826128CCB005EA73F /* Misc.h */,
				152E2F2926128CCB005EA73F /* Error.cpp */,
				152E2F2A26128CCB005EA73F /* Camera.h */,
				152E2F2B26128CCB005EA73F /* WirePrimitives.cpp */,
				152E2F2C26128CCB005EA73F /* DDSLoader.cpp */,
				152E2F2D26128CCB005EA73F /* FrameworkWindows.h */,
				152E2F2E26128CCB005EA73F /* Async.cpp */,
				152E2F2F26128CCB005EA73F /* WirePrimitives.h */,
				152E2F3026128CCB005EA73F /* FrameworkWindows.cpp */,
				152E2F3126128CCB005EA73F /* Async.h */,
				152E2F3226128CCB005EA73F /* ColorConversion.cpp */,
				152E2F3326128CCB005EA73F /* DDSLoader.h */,
				152E2F3426128CCB005EA73F /* WirePrimitive.h */,
				152E2F3526128CCB005EA73F /* WICLoader.cpp */,
				152E2F3626128CCB005EA73F /* ThreadPool.cpp */,
				152E2F3726128CCB005EA73F /* Hash.cpp */,
				152E2F3826128CCB005EA73F /* AsyncCache.h */,
				152E2F3926128CCB005EA73F /* ColorConversion.h */,
				152E2F3A26128CCB005EA73F /* Hash.h */,
				152E2F3B26128CCB005EA73F /* DxgiFormatHelper.cpp */,
			);
			name = Misc;
			path = ../../sample/libs/cauldron/src/common/Misc;
			sourceTree = "<group>";
		};
		152E2F3C26128CCB005EA73F /* base */ = {
			isa = PBXGroup;
			children = (
				152E2F3D26128CCB005EA73F /* ImGuiHelper.cpp */,
				152E2F3E26128CCB005EA73F /* ShaderCompiler.h */,
				152E2F3F26128CCB005EA73F /* ShaderCompilerCache.h */,
				152E2F4026128CCB005EA73F /* DXCHelper.h */,
				152E2F4126128CCB005EA73F /* Benchmark.cpp */,
				152E2F4226128CCB005EA73F /* ShaderCompilerCache.cpp */,
				152E2F4326128CCB005EA73F /* DXCHelper.cpp */,
				152E2F4426128CCB005EA73F /* Sequence.cpp */,
				152E2F4526128CCB005EA73F /* ImGuiHelper.h */,
				152E2F4626128CCB005EA73F /* Sequence.h */,
				152E2F4726128CCB005EA73F /* ShaderCompiler.cpp */,
				152E2F4826128CCB005EA73F /* Benchmark.h */,
			);
			name = base;
			path = ../../sample/libs/cauldron/src/common/base;
			sourceTree = "<group>";
		};
/* End PBXGroup section */

/* Begin PBXNativeTarget section */
		1509AF2626128BD200D26DB1 /* SssrSample_Metal */ = {
			isa = PBXNativeTarget;
			buildConfigurationList = 1509AF3B26128BD300D26DB1 /* Build configuration list for PBXNativeTarget "SssrSample_Metal" */;
			buildPhases = (
				1509AF2326128BD200D26DB1 /* Sources */,
				1509AF2426128BD200D26DB1 /* Frameworks */,
				1509AF2526128BD200D26DB1 /* Resources */,
			);
			buildRules = (
			);
			dependencies = (
			);
			name = SssrSample_Metal;
			productName = SssrSample_Metal;
			productReference = 1509AF2726128BD200D26DB1 /* SssrSample_Metal.app */;
			productType = "com.apple.product-type.application";
		};
/* End PBXNativeTarget section */

/* Begin PBXProject section */
		1509AF1F26128BD200D26DB1 /* Project object */ = {
			isa = PBXProject;
			attributes = {
				LastUpgradeCheck = 1240;
				TargetAttributes = {
					1509AF2626128BD200D26DB1 = {
						CreatedOnToolsVersion = 12.4;
					};
				};
			};
			buildConfigurationList = 1509AF2226128BD200D26DB1 /* Build configuration list for PBXProject "SssrSample_Metal" */;
			compatibilityVersion = "Xcode 9.3";
			developmentRegion = en;
			hasScannedForEncodings = 0;
			knownRegions = (
				en,
				Base,
			);
			mainGroup = 1509AF1E26128BD200D26DB1;
			productRefGroup = 1509AF2826128BD200D26DB1 /* Products */;
			projectDirPath = "";
			projectRoot = "";
			targets = (
				1509AF2626128BD200D26DB1 /* SssrSample_Metal */,
			);
		};
/* End PBXProject section */

/* Begin PBXResourcesBuildPhase section */
		1509AF2526128BD200D26DB1 /* Resources */ = {
			isa = PBXResourcesBuildPhase;
			buildActionMask = 2147483647;
			files = (
				1509AF3126128BD300D26DB1 /* Assets.xcassets in Resources */,
				1509AF3426128BD300D26DB1 /* Main.storyboard in Resources */,
			);
			runOnlyForDeploymentPostprocessing = 0;
		};
/* End PBXResourcesBuildPhase section */

/* Begin PBXSourcesBuildPhase section */
		1509AF2326128BD200D26DB1 /* Sources */ = {
			isa = PBXSourcesBuildPhase;
			buildActionMask = 2147483647;
			files = (
				152E2F5326128CCB005EA73F /* ThreadPool.cpp in Sources */,
				152E2F1326128C30005EA73F /* SampleRenderer.cpp in Sources */,
				152E2F1526128C30005EA73F /* Utils.cpp in Sources */,
				152E2F4A26128CCB005EA73F /* Camera.cpp in Sources */,
				152E2F1826128C30005EA73F /* BlueNoiseSampler.cpp in Sources */,
				152E2F5626128CCB005EA73F /* ImGuiHelper.cpp in Sources */,
				152E2F4C26128CCB005EA73F /* Error.cpp in Sources */,
				152E2F4F26128CCB005EA73F /* Async.cpp in Sources */,
				152E2F5026128CCB005EA73F /* FrameworkWindows.cpp in Sources */,
				1509AF2F26128BD200D26DB1 /* ViewController.m in Sources */,
				152E2F4926128CCB005EA73F /* ImgLoader.cpp in Sources */,
				152E2F4D26128CCB005EA73F /* WirePrimitives.cpp in Sources */,
				1509AF3726128BD300D26DB1 /* main.m in Sources */,
				152E2F1B26128C30005EA73F /* UploadHeapBuffersDX12.cpp in Sources */,
				152E2F1726128C30005EA73F /* SssrSample.cpp in Sources */,
				152E2F5B26128CCB005EA73F /* ShaderCompiler.cpp in Sources */,
				152E2F4B26128CCB005EA73F /* Misc.cpp in Sources */,
				152E2F5226128CCB005EA73F /* WICLoader.cpp in Sources */,
				1509AF2C26128BD200D26DB1 /* AppDelegate.m in Sources */,
				152E2F5A26128CCB005EA73F /* Sequence.cpp in Sources */,
				152E2F5826128CCB005EA73F /* ShaderCompilerCache.cpp in Sources */,
				152E2F1926128C30005EA73F /* ShaderPass.cpp in Sources */,
				152E2F1626128C30005EA73F /* stdafx.cpp in Sources */,
				152E2F1426128C30005EA73F /* SSSR.cpp in Sources */,
				152E2F5126128CCB005EA73F /* ColorConversion.cpp in Sources */,
				152E2F5526128CCB005EA73F /* DxgiFormatHelper.cpp in Sources */,
				152E2F5426128CCB005EA73F /* Hash.cpp in Sources */,
				152E2F4E26128CCB005EA73F /* DDSLoader.cpp in Sources */,
				152E2F5726128CCB005EA73F /* Benchmark.cpp in Sources */,
				152E2F1A26128C30005EA73F /* BufferDX12.cpp in Sources */,
				152E2F5926128CCB005EA73F /* DXCHelper.cpp in Sources */,
			);
			runOnlyForDeploymentPostprocessing = 0;
		};
/* End PBXSourcesBuildPhase section */

/* Begin PBXVariantGroup section */
		1509AF3226128BD300D26DB1 /* Main.storyboard */ = {
			isa = PBXVariantGroup;
			children = (
				1509AF3326128BD300D26DB1 /* Base */,
			);
			name = Main.storyboard;
			sourceTree = "<group>";
		};
/* End PBXVariantGroup section */

/* Begin XCBuildConfiguration section */
		1509AF3926128BD300D26DB1 /* Debug */ = {
			isa = XCBuildConfiguration;
			buildSettings = {
				ALWAYS_SEARCH_USER_PATHS = NO;
				CLANG_ANALYZER_NONNULL = YES;
				CLANG_ANALYZER_NUMBER_OBJECT_CONVERSION = YES_AGGRESSIVE;
				CLANG_CXX_LANGUAGE_STANDARD = "gnu++14";
				CLANG_CXX_LIBRARY = "libc++";
				CLANG_ENABLE_MODULES = YES;
				CLANG_ENABLE_OBJC_ARC = YES;
				CLANG_ENABLE_OBJC_WEAK = YES;
				CLANG_WARN_BLOCK_CAPTURE_AUTORELEASING = YES;
				CLANG_WARN_BOOL_CONVERSION = YES;
				CLANG_WARN_COMMA = YES;
				CLANG_WARN_CONSTANT_CONVERSION = YES;
				CLANG_WARN_DEPRECATED_OBJC_IMPLEMENTATIONS = YES;
				CLANG_WARN_DIRECT_OBJC_ISA_USAGE = YES_ERROR;
				CLANG_WARN_DOCUMENTATION_COMMENTS = YES;
				CLANG_WARN_EMPTY_BODY = YES;
				CLANG_WARN_ENUM_CONVERSION = YES;
				CLANG_WARN_INFINITE_RECURSION = YES;
				CLANG_WARN_INT_CONVERSION = YES;
				CLANG_WARN_NON_LITERAL_NULL_CONVERSION = YES;
				CLANG_WARN_OBJC_IMPLICIT_RETAIN_SELF = YES;
				CLANG_WARN_OBJC_LITERAL_CONVERSION = YES;
				CLANG_WARN_OBJC_ROOT_CLASS = YES_ERROR;
				CLANG_WARN_QUOTED_INCLUDE_IN_FRAMEWORK_HEADER = YES;
				CLANG_WARN_RANGE_LOOP_ANALYSIS = YES;
				CLANG_WARN_STRICT_PROTOTYPES = YES;
				CLANG_WARN_SUSPICIOUS_MOVE = YES;
				CLANG_WARN_UNGUARDED_AVAILABILITY = YES_AGGRESSIVE;
				CLANG_WARN_UNREACHABLE_CODE = YES;
				CLANG_WARN__DUPLICATE_METHOD_MATCH = YES;
				COPY_PHASE_STRIP = NO;
				DEBUG_INFORMATION_FORMAT = dwarf;
				ENABLE_STRICT_OBJC_MSGSEND = YES;
				ENABLE_TESTABILITY = YES;
				GCC_C_LANGUAGE_STANDARD = gnu11;
				GCC_DYNAMIC_NO_PIC = NO;
				GCC_NO_COMMON_BLOCKS = YES;
				GCC_OPTIMIZATION_LEVEL = 0;
				GCC_PREPROCESSOR_DEFINITIONS = (
					"DEBUG=1",
					"$(inherited)",
				);
				GCC_WARN_64_TO_32_BIT_CONVERSION = YES;
				GCC_WARN_ABOUT_RETURN_TYPE = YES_ERROR;
				GCC_WARN_UNDECLARED_SELECTOR = YES;
				GCC_WARN_UNINITIALIZED_AUTOS = YES_AGGRESSIVE;
				GCC_WARN_UNUSED_FUNCTION = YES;
				GCC_WARN_UNUSED_VARIABLE = YES;
				MACOSX_DEPLOYMENT_TARGET = 11.1;
				MTL_ENABLE_DEBUG_INFO = INCLUDE_SOURCE;
				MTL_FAST_MATH = YES;
				ONLY_ACTIVE_ARCH = YES;
				SDKROOT = macosx;
			};
			name = Debug;
		};
		1509AF3A26128BD300D26DB1 /* Release */ = {
			isa = XCBuildConfiguration;
			buildSettings = {
				ALWAYS_SEARCH_USER_PATHS = NO;
				CLANG_ANALYZER_NONNULL = YES;
				CLANG_ANALYZER_NUMBER_OBJECT_CONVERSION = YES_AGGRESSIVE;
				CLANG_CXX_LANGUAGE_STANDARD = "gnu++14";
				CLANG_CXX_LIBRARY = "libc++";
				CLANG_ENABLE_MODULES = YES;
				CLANG_ENABLE_OBJC_ARC = YES;
				CLANG_ENABLE_OBJC_WEAK = YES;
				CLANG_WARN_BLOCK_CAPTURE_AUTORELEASING = YES;
				CLANG_WARN_BOOL_CONVERSION = YES;
				CLANG_WARN_COMMA = YES;
				CLANG_WARN_CONSTANT_CONVERSION = YES;
				CLANG_WARN_DEPRECATED_OBJC_IMPLEMENTATIONS = YES;
				CLANG_WARN_DIRECT_OBJC_ISA_USAGE = YES_ERROR;
				CLANG_WARN_DOCUMENTATION_COMMENTS = YES;
				CLANG_WARN_EMPTY_BODY = YES;
				CLANG_WARN_ENUM_CONVERSION = YES;
				CLANG_WARN_INFINITE_RECURSION = YES;
				CLANG_WARN_INT_CONVERSION = YES;
				CLANG_WARN_NON_LITERAL_NULL_CONVERSION = YES;
				CLANG_WARN_OBJC_IMPLICIT_RETAIN_SELF = YES;
				CLANG_WARN_OBJC_LITERAL_CONVERSION = YES;
				CLANG_WARN_OBJC_ROOT_CLASS = YES_ERROR;
				CLANG_WARN_QUOTED_INCLUDE_IN_FRAMEWORK_HEADER = YES;
				CLANG_WARN_RANGE_LOOP_ANALYSIS = YES;
				CLANG_WARN_STRICT_PROTOTYPES = YES;
				CLANG_WARN_SUSPICIOUS_MOVE = YES;
				CLANG_WARN_UNGUARDED_AVAILABILITY = YES_AGGRESSIVE;
				CLANG_WARN_UNREACHABLE_CODE = YES;
				CLANG_WARN__DUPLICATE_METHOD_MATCH = YES;
				COPY_PHASE_STRIP = NO;
				DEBUG_INFORMATION_FORMAT = "dwarf-with-dsym";
				ENABLE_NS_ASSERTIONS = NO;
				ENABLE_STRICT_OBJC_MSGSEND = YES;
				GCC_C_LANGUAGE_STANDARD = gnu11;
				GCC_NO_COMMON_BLOCKS = YES;
				GCC_WARN_64_TO_32_BIT_CONVERSION = YES;
				GCC_WARN_ABOUT_RETURN_TYPE = YES_ERROR;
				GCC_WARN_UNDECLARED_SELECTOR = YES;
				GCC_WARN_UNINITIALIZED_AUTOS = YES_AGGRESSIVE;
				GCC_WARN_UNUSED_FUNCTION = YES;
				GCC_WARN_UNUSED_VARIABLE = YES;
				MACOSX_DEPLOYMENT_TARGET = 11.1;
				MTL_ENABLE_DEBUG_INFO = NO;
				MTL_FAST_MATH = YES;
				SDKROOT = macosx;
			};
			name = Release;
		};
		1509AF3C26128BD300D26DB1 /* Debug */ = {
			isa = XCBuildConfiguration;
			buildSettings = {
				ASSETCATALOG_COMPILER_APPICON_NAME = AppIcon;
				ASSETCATALOG_COMPILER_GLOBAL_ACCENT_COLOR_NAME = AccentColor;
				CODE_SIGN_ENTITLEMENTS = SssrSample_Metal/SssrSample_Metal.entitlements;
				CODE_SIGN_STYLE = Automatic;
				COMBINE_HIDPI_IMAGES = YES;
				INFOPLIST_FILE = SssrSample_Metal/Info.plist;
				LD_RUNPATH_SEARCH_PATHS = (
					"$(inherited)",
					"@executable_path/../Frameworks",
				);
				PRODUCT_BUNDLE_IDENTIFIER = "Unicorn-studios.SssrSample-Metal";
				PRODUCT_NAME = "$(TARGET_NAME)";
			};
			name = Debug;
		};
		1509AF3D26128BD300D26DB1 /* Release */ = {
			isa = XCBuildConfiguration;
			buildSettings = {
				ASSETCATALOG_COMPILER_APPICON_NAME = AppIcon;
				ASSETCATALOG_COMPILER_GLOBAL_ACCENT_COLOR_NAME = AccentColor;
				CODE_SIGN_ENTITLEMENTS = SssrSample_Metal/SssrSample_Metal.entitlements;
				CODE_SIGN_STYLE = Automatic;
				COMBINE_HIDPI_IMAGES = YES;
				INFOPLIST_FILE = SssrSample_Metal/Info.plist;
				LD_RUNPATH_SEARCH_PATHS = (
					"$(inherited)",
					"@executable_path/../Frameworks",
				);
				PRODUCT_BUNDLE_IDENTIFIER = "Unicorn-studios.SssrSample-Metal";
				PRODUCT_NAME = "$(TARGET_NAME)";
			};
			name = Release;
		};
/* End XCBuildConfiguration section */

/* Begin XCConfigurationList section */
		1509AF2226128BD200D26DB1 /* Build configuration list for PBXProject "SssrSample_Metal" */ = {
			isa = XCConfigurationList;
			buildConfigurations = (
				1509AF3926128BD300D26DB1 /* Debug */,
				1509AF3A26128BD300D26DB1 /* Release */,
			);
			defaultConfigurationIsVisible = 0;
			defaultConfigurationName = Release;
		};
		1509AF3B26128BD300D26DB1 /* Build configuration list for PBXNativeTarget "SssrSample_Metal" */ = {
			isa = XCConfigurationList;
			buildConfigurations = (
				1509AF3C26128BD300D26DB1 /* Debug */,
				1509AF3D26128BD300D26DB1 /* Release */,
			);
			defaultConfigurationIsVisible = 0;
			defaultConfigurationName = Release;
		};
/* End XCConfigurationList section */
	};
	rootObject = 1509AF1F26128BD200D26DB1 /* Project object */;
}
